
Microsoft Visual Studio Solution File, Format Version 12.00
# Visual Studio Version 17
VisualStudioVersion = 17.0.32126.317
MinimumVisualStudioVersion = 10.0.40219.1
Project("{9A19103F-16F7-4668-BE54-9A1E7A4F7556}") = "UserLogin", "UserLogin\UserLogin.csproj", "{019C2A0D-D7A4-4EB9-9F21-53D7E82081E5}"
EndProject
Project("{9A19103F-16F7-4668-BE54-9A1E7A4F7556}") = "StudentInfoSystem", "StudentInfoSystem\StudentInfoSystem.csproj", "{96E2C26C-11FE-436D-8660-7C8AC9158A7D}"
EndProject
Project("{FAE04EC0-301F-11D3-BF4B-00C04F79EFBC}") = "Wpfhello", "Wpfhello\Wpfhello.csproj", "{603496C4-455C-495C-8A8C-06591FA1DF87}"
EndProject
Global
	GlobalSection(SolutionConfigurationPlatforms) = preSolution
		Debug|Any CPU = Debug|Any CPU
		Release|Any CPU = Release|Any CPU
	EndGlobalSection
	GlobalSection(ProjectConfigurationPlatforms) = postSolution
		{019C2A0D-D7A4-4EB9-9F21-53D7E82081E5}.Debug|Any CPU.ActiveCfg = Debug|Any CPU
		{019C2A0D-D7A4-4EB9-9F21-53D7E82081E5}.Debug|Any CPU.Build.0 = Debug|Any CPU
		{019C2A0D-D7A4-4EB9-9F21-53D7E82081E5}.Release|Any CPU.ActiveCfg = Release|Any CPU
		{019C2A0D-D7A4-4EB9-9F21-53D7E82081E5}.Release|Any CPU.Build.0 = Release|Any CPU
		{96E2C26C-11FE-436D-8660-7C8AC9158A7D}.Debug|Any CPU.ActiveCfg = Debug|Any CPU
		{96E2C26C-11FE-436D-8660-7C8AC9158A7D}.Debug|Any CPU.Build.0 = Debug|Any CPU
		{96E2C26C-11FE-436D-8660-7C8AC9158A7D}.Release|Any CPU.ActiveCfg = Release|Any CPU
		{96E2C26C-11FE-436D-8660-7C8AC9158A7D}.Release|Any CPU.Build.0 = Release|Any CPU
		{603496C4-455C-495C-8A8C-06591FA1DF87}.Debug|Any CPU.ActiveCfg = Debug|Any CPU
		{603496C4-455C-495C-8A8C-06591FA1DF87}.Debug|Any CPU.Build.0 = Debug|Any CPU
		{603496C4-455C-495C-8A8C-06591FA1DF87}.Release|Any CPU.ActiveCfg = Release|Any CPU
		{603496C4-455C-495C-8A8C-06591FA1DF87}.Release|Any CPU.Build.0 = Release|Any CPU
	EndGlobalSection
	GlobalSection(SolutionProperties) = preSolution
		HideSolutionNode = FALSE
	EndGlobalSection
	GlobalSection(ExtensibilityGlobals) = postSolution
		SolutionGuid = {9C344EEB-0244-43FF-8446-D8CC8C789D07}
	EndGlobalSection
EndGlobal
